Microsoft Visual Studio Solution File, Format Version 12.00
# Visual Studio 15
Project("{8BC9CEB8-8B4A-11D0-8D11-00A0C91BC942}") = "ALL_BUILD", "ALL_BUILD.vcxproj", "{EB2D94F9-AAF6-3F2F-B293-35275FFE72F0}"
	ProjectSection(ProjectDependencies) = postProject
		{6CD8A558-E05A-306F-A79A-9C76C5229A17} = {6CD8A558-E05A-306F-A79A-9C76C5229A17}
		{EB08B8A2-B7C0-3603-AFEF-F58E8C198390} = {EB08B8A2-B7C0-3603-AFEF-F58E8C198390}
		{6C450E45-E2A3-3C55-B458-19DABF6DDA61} = {6C450E45-E2A3-3C55-B458-19DABF6DDA61}
		{4055B453-E347-3A9A-BA16-EC1E1A5AABFF} = {4055B453-E347-3A9A-BA16-EC1E1A5AABFF}
		{848E426E-5C0A-3E62-8B8E-4B888C5FA617} = {848E426E-5C0A-3E62-8B8E-4B888C5FA617}
	EndProjectSection
EndProject
Project("{8BC9CEB8-8B4A-11D0-8D11-00A0C91BC942}") = "INSTALL", "INSTALL.vcxproj", "{55D5F9AF-6660-3E5C-A480-0CF04C364103}"
	ProjectSection(ProjectDependencies) = postProject
		{EB2D94F9-AAF6-3F2F-B293-35275FFE72F0} = {EB2D94F9-AAF6-3F2F-B293-35275FFE72F0}
		{6CD8A558-E05A-306F-A79A-9C76C5229A17} = {6CD8A558-E05A-306F-A79A-9C76C5229A17}
	EndProjectSection
EndProject
Project("{8BC9CEB8-8B4A-11D0-8D11-00A0C91BC942}") = "ZERO_CHECK", "..\\ZERO_CHECK.vcxproj", "{6CD8A558-E05A-306F-A79A-9C76C5229A17}"
	ProjectSection(ProjectDependencies) = postProject
	EndProjectSection
EndProject
Project("{8BC9CEB8-8B4A-11D0-8D11-00A0C91BC942}") = "application_osgdem", "osgdem\application_osgdem.vcxproj", "{EB08B8A2-B7C0-3603-AFEF-F58E8C198390}"
	ProjectSection(ProjectDependencies) = postProject
		{6CD8A558-E05A-306F-A79A-9C76C5229A17} = {6CD8A558-E05A-306F-A79A-9C76C5229A17}
		{29C00BF8-5178-373F-BCD7-41550A719D7F} = {29C00BF8-5178-373F-BCD7-41550A719D7F}
	EndProjectSection
EndProject
Project("{8BC9CEB8-8B4A-11D0-8D11-00A0C91BC942}") = "application_vpbcache", "vpbcache\application_vpbcache.vcxproj", "{6C450E45-E2A3-3C55-B458-19DABF6DDA61}"
	ProjectSection(ProjectDependencies) = postProject
		{6CD8A558-E05A-306F-A79A-9C76C5229A17} = {6CD8A558-E05A-306F-A79A-9C76C5229A17}
		{29C00BF8-5178-373F-BCD7-41550A719D7F} = {29C00BF8-5178-373F-BCD7-41550A719D7F}
	EndProjectSection
EndProject
Project("{8BC9CEB8-8B4A-11D0-8D11-00A0C91BC942}") = "application_vpbmaster", "vpbmaster\application_vpbmaster.vcxproj", "{4055B453-E347-3A9A-BA16-EC1E1A5AABFF}"
	ProjectSection(ProjectDependencies) = postProject
		{6CD8A558-E05A-306F-A79A-9C76C5229A17} = {6CD8A558-E05A-306F-A79A-9C76C5229A17}
		{29C00BF8-5178-373F-BCD7-41550A719D7F} = {29C00BF8-5178-373F-BCD7-41550A719D7F}
	EndProjectSection
EndProject
Project("{8BC9CEB8-8B4A-11D0-8D11-00A0C91BC942}") = "application_vpbsizes", "vpbsizes\application_vpbsizes.vcxproj", "{848E426E-5C0A-3E62-8B8E-4B888C5FA617}"
	ProjectSection(ProjectDependencies) = postProject
		{6CD8A558-E05A-306F-A79A-9C76C5229A17} = {6CD8A558-E05A-306F-A79A-9C76C5229A17}
		{29C00BF8-5178-373F-BCD7-41550A719D7F} = {29C00BF8-5178-373F-BCD7-41550A719D7F}
	EndProjectSection
EndProject
Project("{8BC9CEB8-8B4A-11D0-8D11-00A0C91BC942}") = "vpb", "..\src\vpb\vpb.vcxproj", "{29C00BF8-5178-373F-BCD7-41550A719D7F}"
	ProjectSection(ProjectDependencies) = postProject
		{6CD8A558-E05A-306F-A79A-9C76C5229A17} = {6CD8A558-E05A-306F-A79A-9C76C5229A17}
	EndProjectSection
EndProject
Global
	GlobalSection(SolutionConfigurationPlatforms) = preSolution
		Debug|x64 = Debug|x64
		Release|x64 = Release|x64
		MinSizeRel|x64 = MinSizeRel|x64
		RelWithDebInfo|x64 = RelWithDebInfo|x64
	EndGlobalSection
	GlobalSection(ProjectConfigurationPlatforms) = postSolution
		{EB2D94F9-AAF6-3F2F-B293-35275FFE72F0}.Debug|x64.ActiveCfg = Debug|x64
		{EB2D94F9-AAF6-3F2F-B293-35275FFE72F0}.Debug|x64.Build.0 = Debug|x64
		{EB2D94F9-AAF6-3F2F-B293-35275FFE72F0}.Release|x64.ActiveCfg = Release|x64
		{EB2D94F9-AAF6-3F2F-B293-35275FFE72F0}.Release|x64.Build.0 = Release|x64
		{EB2D94F9-AAF6-3F2F-B293-35275FFE72F0}.MinSizeRel|x64.ActiveCfg = MinSizeRel|x64
		{EB2D94F9-AAF6-3F2F-B293-35275FFE72F0}.MinSizeRel|x64.Build.0 = MinSizeRel|x64
		{EB2D94F9-AAF6-3F2F-B293-35275FFE72F0}.RelWithDebInfo|x64.ActiveCfg = RelWithDebInfo|x64
		{EB2D94F9-AAF6-3F2F-B293-35275FFE72F0}.RelWithDebInfo|x64.Build.0 = RelWithDebInfo|x64
		{55D5F9AF-6660-3E5C-A480-0CF04C364103}.Debug|x64.ActiveCfg = Debug|x64
		{55D5F9AF-6660-3E5C-A480-0CF04C364103}.Release|x64.ActiveCfg = Release|x64
		{55D5F9AF-6660-3E5C-A480-0CF04C364103}.MinSizeRel|x64.ActiveCfg = MinSizeRel|x64
		{55D5F9AF-6660-3E5C-A480-0CF04C364103}.RelWithDebInfo|x64.ActiveCfg = RelWithDebInfo|x64
		{6CD8A558-E05A-306F-A79A-9C76C5229A17}.Debug|x64.ActiveCfg = Debug|x64
		{6CD8A558-E05A-306F-A79A-9C76C5229A17}.Debug|x64.Build.0 = Debug|x64
		{6CD8A558-E05A-306F-A79A-9C76C5229A17}.Release|x64.ActiveCfg = Release|x64
		{6CD8A558-E05A-306F-A79A-9C76C5229A17}.Release|x64.Build.0 = Release|x64
		{6CD8A558-E05A-306F-A79A-9C76C5229A17}.MinSizeRel|x64.ActiveCfg = MinSizeRel|x64
		{6CD8A558-E05A-306F-A79A-9C76C5229A17}.MinSizeRel|x64.Build.0 = MinSizeRel|x64
		{6CD8A558-E05A-306F-A79A-9C76C5229A17}.RelWithDebInfo|x64.ActiveCfg = RelWithDebInfo|x64
		{6CD8A558-E05A-306F-A79A-9C76C5229A17}.RelWithDebInfo|x64.Build.0 = RelWithDebInfo|x64
		{EB08B8A2-B7C0-3603-AFEF-F58E8C198390}.Debug|x64.ActiveCfg = Debug|x64
		{EB08B8A2-B7C0-3603-AFEF-F58E8C198390}.Debug|x64.Build.0 = Debug|x64
		{EB08B8A2-B7C0-3603-AFEF-F58E8C198390}.Release|x64.ActiveCfg = Release|x64
		{EB08B8A2-B7C0-3603-AFEF-F58E8C198390}.Release|x64.Build.0 = Release|x64
		{EB08B8A2-B7C0-3603-AFEF-F58E8C198390}.MinSizeRel|x64.ActiveCfg = MinSizeRel|x64
		{EB08B8A2-B7C0-3603-AFEF-F58E8C198390}.MinSizeRel|x64.Build.0 = MinSizeRel|x64
		{EB08B8A2-B7C0-3603-AFEF-F58E8C198390}.RelWithDebInfo|x64.ActiveCfg = RelWithDebInfo|x64
		{EB08B8A2-B7C0-3603-AFEF-F58E8C198390}.RelWithDebInfo|x64.Build.0 = RelWithDebInfo|x64
		{6C450E45-E2A3-3C55-B458-19DABF6DDA61}.Debug|x64.ActiveCfg = Debug|x64
		{6C450E45-E2A3-3C55-B458-19DABF6DDA61}.Debug|x64.Build.0 = Debug|x64
		{6C450E45-E2A3-3C55-B458-19DABF6DDA61}.Release|x64.ActiveCfg = Release|x64
		{6C450E45-E2A3-3C55-B458-19DABF6DDA61}.Release|x64.Build.0 = Release|x64
		{6C450E45-E2A3-3C55-B458-19DABF6DDA61}.MinSizeRel|x64.ActiveCfg = MinSizeRel|x64
		{6C450E45-E2A3-3C55-B458-19DABF6DDA61}.MinSizeRel|x64.Build.0 = MinSizeRel|x64
		{6C450E45-E2A3-3C55-B458-19DABF6DDA61}.RelWithDebInfo|x64.ActiveCfg = RelWithDebInfo|x64
		{6C450E45-E2A3-3C55-B458-19DABF6DDA61}.RelWithDebInfo|x64.Build.0 = RelWithDebInfo|x64
		{4055B453-E347-3A9A-BA16-EC1E1A5AABFF}.Debug|x64.ActiveCfg = Debug|x64
		{4055B453-E347-3A9A-BA16-EC1E1A5AABFF}.Debug|x64.Build.0 = Debug|x64
		{4055B453-E347-3A9A-BA16-EC1E1A5AABFF}.Release|x64.ActiveCfg = Release|x64
		{4055B453-E347-3A9A-BA16-EC1E1A5AABFF}.Release|x64.Build.0 = Release|x64
		{4055B453-E347-3A9A-BA16-EC1E1A5AABFF}.MinSizeRel|x64.ActiveCfg = MinSizeRel|x64
		{4055B453-E347-3A9A-BA16-EC1E1A5AABFF}.MinSizeRel|x64.Build.0 = MinSizeRel|x64
		{4055B453-E347-3A9A-BA16-EC1E1A5AABFF}.RelWithDebInfo|x64.ActiveCfg = RelWithDebInfo|x64
		{4055B453-E347-3A9A-BA16-EC1E1A5AABFF}.RelWithDebInfo|x64.Build.0 = RelWithDebInfo|x64
		{848E426E-5C0A-3E62-8B8E-4B888C5FA617}.Debug|x64.ActiveCfg = Debug|x64
		{848E426E-5C0A-3E62-8B8E-4B888C5FA617}.Debug|x64.Build.0 = Debug|x64
		{848E426E-5C0A-3E62-8B8E-4B888C5FA617}.Release|x64.ActiveCfg = Release|x64
		{848E426E-5C0A-3E62-8B8E-4B888C5FA617}.Release|x64.Build.0 = Release|x64
		{848E426E-5C0A-3E62-8B8E-4B888C5FA617}.MinSizeRel|x64.ActiveCfg = MinSizeRel|x64
		{848E426E-5C0A-3E62-8B8E-4B888C5FA617}.MinSizeRel|x64.Build.0 = MinSizeRel|x64
		{848E426E-5C0A-3E62-8B8E-4B888C5FA617}.RelWithDebInfo|x64.ActiveCfg = RelWithDebInfo|x64
		{848E426E-5C0A-3E62-8B8E-4B888C5FA617}.RelWithDebInfo|x64.Build.0 = RelWithDebInfo|x64
		{29C00BF8-5178-373F-BCD7-41550A719D7F}.Debug|x64.ActiveCfg = Debug|x64
		{29C00BF8-5178-373F-BCD7-41550A719D7F}.Debug|x64.Build.0 = Debug|x64
		{29C00BF8-5178-373F-BCD7-41550A719D7F}.Release|x64.ActiveCfg = Release|x64
		{29C00BF8-5178-373F-BCD7-41550A719D7F}.Release|x64.Build.0 = Release|x64
		{29C00BF8-5178-373F-BCD7-41550A719D7F}.MinSizeRel|x64.ActiveCfg = MinSizeRel|x64
		{29C00BF8-5178-373F-BCD7-41550A719D7F}.MinSizeRel|x64.Build.0 = MinSizeRel|x64
		{29C00BF8-5178-373F-BCD7-41550A719D7F}.RelWithDebInfo|x64.ActiveCfg = RelWithDebInfo|x64
		{29C00BF8-5178-373F-BCD7-41550A719D7F}.RelWithDebInfo|x64.Build.0 = RelWithDebInfo|x64
	EndGlobalSection
	GlobalSection(ExtensibilityGlobals) = postSolution
		SolutionGuid = {8E44A62D-F351-3F8E-8541-2381CEF6CBB2}
	EndGlobalSection
	GlobalSection(ExtensibilityAddIns) = postSolution
	EndGlobalSection
EndGlobal
